PODS:
  - Nimble (1.0.0)
  - Quick (0.3.1)
  - ZenLayout (0.1.0)

DEPENDENCIES:
  - Nimble
  - Quick (~> 0.3.1)
  - ZenLayout (from `../`)

EXTERNAL SOURCES:
  ZenLayout:
    :path: ../

SPEC CHECKSUMS:
  Nimble: 8bee528e5fcc403653076545db562d2b5db7bb87
  Quick: 824572d3d198d51e52cf4aa722cebf7e59952a35
  ZenLayout: 56d8a6d26686032b8801c0617c82de436acb27d2

COCOAPODS: 0.38.2
